// !$*UTF8*$!
{
	archiveVersion = 1;
	classes = {
	};
	objectVersion = 55;
	objects = {

/* Begin PBXBuildFile section */
		B60B8EB7289140D9005A9DC5 /* RatingScoreStarView.swift in Sources */ = {isa = PBXBuildFile; fileRef = B60B8EB6289140D9005A9DC5 /* RatingScoreStarView.swift */; };
		B61B61D4283B3863003D45E1 /* NavigationGalleryView.swift in Sources */ = {isa = PBXBuildFile; fileRef = B61B61D3283B3863003D45E1 /* NavigationGalleryView.swift */; };
		B640E705283383120067D6F3 /* ButtonGalleryView.swift in Sources */ = {isa = PBXBuildFile; fileRef = B640E704283383120067D6F3 /* ButtonGalleryView.swift */; };
		B660351B288AA0C5009C5B93 /* AXRatingView.m in Sources */ = {isa = PBXBuildFile; fileRef = B660351A288AA0C5009C5B93 /* AXRatingView.m */; };
		B660351E288AA2DC009C5B93 /* RatingStarView.swift in Sources */ = {isa = PBXBuildFile; fileRef = B660351D288AA2DC009C5B93 /* RatingStarView.swift */; };
		B6603521288AA79E009C5B93 /* RatingStarGalleryView.swift in Sources */ = {isa = PBXBuildFile; fileRef = B6603520288AA79E009C5B93 /* RatingStarGalleryView.swift */; };
		B672CB962835F3A100C039AF /* FillTextButton.swift in Sources */ = {isa = PBXBuildFile; fileRef = B672CB952835F3A100C039AF /* FillTextButton.swift */; };
		B672CB9A28360E6600C039AF /* BorderButton.swift in Sources */ = {isa = PBXBuildFile; fileRef = B672CB9928360E6600C039AF /* BorderButton.swift */; };
		B672CB9C283613CF00C039AF /* BorderTextButton.swift in Sources */ = {isa = PBXBuildFile; fileRef = B672CB9B283613CF00C039AF /* BorderTextButton.swift */; };
		B672CBA028363DD900C039AF /* BorderIconTextButton.swift in Sources */ = {isa = PBXBuildFile; fileRef = B672CB9F28363DD900C039AF /* BorderIconTextButton.swift */; };
		B672CBA228363F1100C039AF /* Icons.swift in Sources */ = {isa = PBXBuildFile; fileRef = B672CBA128363F1100C039AF /* Icons.swift */; };
		B672CBA42836446500C039AF /* BorderIconButton.swift in Sources */ = {isa = PBXBuildFile; fileRef = B672CBA32836446500C039AF /* BorderIconButton.swift */; };
		B672CBA628364B9E00C039AF /* FillIconButton.swift in Sources */ = {isa = PBXBuildFile; fileRef = B672CBA528364B9E00C039AF /* FillIconButton.swift */; };
		B672CBA82836549900C039AF /* FillIconTextButton.swift in Sources */ = {isa = PBXBuildFile; fileRef = B672CBA72836549900C039AF /* FillIconTextButton.swift */; };
		B67C98F828B36870007D19B5 /* HorizontalList.swift in Sources */ = {isa = PBXBuildFile; fileRef = B67C98F728B36870007D19B5 /* HorizontalList.swift */; };
		B67C98FB28B37A57007D19B5 /* HorizontalListGalleryView.swift in Sources */ = {isa = PBXBuildFile; fileRef = B67C98FA28B37A57007D19B5 /* HorizontalListGalleryView.swift */; };
		B67C98FD28B38D51007D19B5 /* HorizontalFacetList.swift in Sources */ = {isa = PBXBuildFile; fileRef = B67C98FC28B38D51007D19B5 /* HorizontalFacetList.swift */; };
		B67C990028B49554007D19B5 /* UnderlineTextField.swift in Sources */ = {isa = PBXBuildFile; fileRef = B67C98FF28B49554007D19B5 /* UnderlineTextField.swift */; };
		B67C990328B49B6C007D19B5 /* TextFieldGalleryView.swift in Sources */ = {isa = PBXBuildFile; fileRef = B67C990228B49B6C007D19B5 /* TextFieldGalleryView.swift */; };
		B68AE2DF2834D7A000F66647 /* AnimationButtonStyle.swift in Sources */ = {isa = PBXBuildFile; fileRef = B68AE2DE2834D7A000F66647 /* AnimationButtonStyle.swift */; };
		B695E6AE28339608007C69AA /* RoundFillButtonStyle.swift in Sources */ = {isa = PBXBuildFile; fileRef = B695E6AD28339608007C69AA /* RoundFillButtonStyle.swift */; };
		B695E6B128339B39007C69AA /* Colors.swift in Sources */ = {isa = PBXBuildFile; fileRef = B695E6B028339B39007C69AA /* Colors.swift */; };
		B695E6B62833B078007C69AA /* RoundBorderButtonStyle.swift in Sources */ = {isa = PBXBuildFile; fileRef = B695E6B52833B078007C69AA /* RoundBorderButtonStyle.swift */; };
		B695E6B828349738007C69AA /* CapsuleFillButtonStyle.swift in Sources */ = {isa = PBXBuildFile; fileRef = B695E6B728349738007C69AA /* CapsuleFillButtonStyle.swift */; };
		B695E6BA28349829007C69AA /* CapsuleBorderButtonStyle.swift in Sources */ = {isa = PBXBuildFile; fileRef = B695E6B928349829007C69AA /* CapsuleBorderButtonStyle.swift */; };
		B695E6BC2834AD76007C69AA /* FillButton.swift in Sources */ = {isa = PBXBuildFile; fileRef = B695E6BB2834AD76007C69AA /* FillButton.swift */; };
		B6A76DE1283B768C00301657 /* MypageNavigationBar.swift in Sources */ = {isa = PBXBuildFile; fileRef = B6A76DE0283B768C00301657 /* MypageNavigationBar.swift */; };
		B6A76DE4283B79D600301657 /* MypageNavigationGalleyView.swift in Sources */ = {isa = PBXBuildFile; fileRef = B6A76DE3283B79D600301657 /* MypageNavigationGalleyView.swift */; };
		B6A76DE7283B846100301657 /* SearchBar.swift in Sources */ = {isa = PBXBuildFile; fileRef = B6A76DE6283B846100301657 /* SearchBar.swift */; };
		B6A76DE9283B882000301657 /* SearchBarGalleryView.swift in Sources */ = {isa = PBXBuildFile; fileRef = B6A76DE8283B882000301657 /* SearchBarGalleryView.swift */; };
		B6A76DEB283B8AFD00301657 /* PlaceholderModifier.swift in Sources */ = {isa = PBXBuildFile; fileRef = B6A76DEA283B8AFD00301657 /* PlaceholderModifier.swift */; };
		B6A76DED283B947100301657 /* SearchNavigationBar.swift in Sources */ = {isa = PBXBuildFile; fileRef = B6A76DEC283B947100301657 /* SearchNavigationBar.swift */; };
		B6A76DEF283B95C200301657 /* SearchNavigationGalleyView.swift in Sources */ = {isa = PBXBuildFile; fileRef = B6A76DEE283B95C200301657 /* SearchNavigationGalleyView.swift */; };
		B6C06C72283F7DB8004C8816 /* CircleImage.swift in Sources */ = {isa = PBXBuildFile; fileRef = B6C06C71283F7DB8004C8816 /* CircleImage.swift */; };
		B6C06C74283F84BC004C8816 /* RoundImage.swift in Sources */ = {isa = PBXBuildFile; fileRef = B6C06C73283F84BC004C8816 /* RoundImage.swift */; };
		B6C06C78283F8DFA004C8816 /* Fonts.swift in Sources */ = {isa = PBXBuildFile; fileRef = B6C06C77283F8DFA004C8816 /* Fonts.swift */; };
		B6C06C7B283F9081004C8816 /* NotificationRow.swift in Sources */ = {isa = PBXBuildFile; fileRef = B6C06C7A283F9081004C8816 /* NotificationRow.swift */; };
		B6C06C82283F9D37004C8816 /* NotificationListView.swift in Sources */ = {isa = PBXBuildFile; fileRef = B6C06C81283F9D37004C8816 /* NotificationListView.swift */; };
		B6C06C8628448748004C8816 /* SeparatorlessList.swift in Sources */ = {isa = PBXBuildFile; fileRef = B6C06C8528448748004C8816 /* SeparatorlessList.swift */; };
		B6C06C8B284492BC004C8816 /* BorderModifier.swift in Sources */ = {isa = PBXBuildFile; fileRef = B6C06C8A284492BC004C8816 /* BorderModifier.swift */; };
		B6CCCD2C283B5C6F00DEFA3E /* NavigationBarItemModifier.swift in Sources */ = {isa = PBXBuildFile; fileRef = B6CCCD2B283B5C6F00DEFA3E /* NavigationBarItemModifier.swift */; };
		B6E5C47928337A8C001A5951 /* GalleryApp.swift in Sources */ = {isa = PBXBuildFile; fileRef = B6E5C47828337A8C001A5951 /* GalleryApp.swift */; };
		B6E5C47B28337A8C001A5951 /* GalleryView.swift in Sources */ = {isa = PBXBuildFile; fileRef = B6E5C47A28337A8C001A5951 /* GalleryView.swift */; };
		B6E5C47D28337A8D001A5951 /* Assets.xcassets in Resources */ = {isa = PBXBuildFile; fileRef = B6E5C47C28337A8D001A5951 /* Assets.xcassets */; };
		B6E5C48028337A8D001A5951 /* Preview Assets.xcassets in Resources */ = {isa = PBXBuildFile; fileRef = B6E5C47F28337A8D001A5951 /* Preview Assets.xcassets */; };
		B6E5C48A28337A8D001A5951 /* GalleryTests.swift in Sources */ = {isa = PBXBuildFile; fileRef = B6E5C48928337A8D001A5951 /* GalleryTests.swift */; };
		B6E5C49428337A8D001A5951 /* GalleryUITests.swift in Sources */ = {isa = PBXBuildFile; fileRef = B6E5C49328337A8D001A5951 /* GalleryUITests.swift */; };
		B6E5C49628337A8D001A5951 /* GalleryUITestsLaunchTests.swift in Sources */ = {isa = PBXBuildFile; fileRef = B6E5C49528337A8D001A5951 /* GalleryUITestsLaunchTests.swift */; };
/* End PBXBuildFile section */

/* Begin PBXContainerItemProxy section */
		B6E5C48628337A8D001A5951 /* PBXContainerItemProxy */ = {
			isa = PBXContainerItemProxy;
			containerPortal = B6E5C46D28337A8C001A5951 /* Project object */;
			proxyType = 1;
			remoteGlobalIDString = B6E5C47428337A8C001A5951;
			remoteInfo = Gallery;
		};
		B6E5C49028337A8D001A5951 /* PBXContainerItemProxy */ = {
			isa = PBXContainerItemProxy;
			containerPortal = B6E5C46D28337A8C001A5951 /* Project object */;
			proxyType = 1;
			remoteGlobalIDString = B6E5C47428337A8C001A5951;
			remoteInfo = Gallery;
		};
/* End PBXContainerItemProxy section */

/* Begin PBXFileReference section */
		B60B8EB6289140D9005A9DC5 /* RatingScoreStarView.swift */ = {isa = PBXFileReference; lastKnownFileType = sourcecode.swift; path = RatingScoreStarView.swift; sourceTree = "<group>"; };
		B61B61D3283B3863003D45E1 /* NavigationGalleryView.swift */ = {isa = PBXFileReference; lastKnownFileType = sourcecode.swift; path = NavigationGalleryView.swift; sourceTree = "<group>"; };
		B640E704283383120067D6F3 /* ButtonGalleryView.swift */ = {isa = PBXFileReference; lastKnownFileType = sourcecode.swift; path = ButtonGalleryView.swift; sourceTree = "<group>"; };
		B6603508288A9C10009C5B93 /* Gallery-Bridging-Header.h */ = {isa = PBXFileReference; lastKnownFileType = sourcecode.c.h; path = "Gallery-Bridging-Header.h"; sourceTree = "<group>"; };
		B6603519288AA0C5009C5B93 /* AXRatingView.h */ = {isa = PBXFileReference; fileEncoding = 4; lastKnownFileType = sourcecode.c.h; path = AXRatingView.h; sourceTree = "<group>"; };
		B660351A288AA0C5009C5B93 /* AXRatingView.m */ = {isa = PBXFileReference; fileEncoding = 4; lastKnownFileType = sourcecode.c.objc; path = AXRatingView.m; sourceTree = "<group>"; };
		B660351D288AA2DC009C5B93 /* RatingStarView.swift */ = {isa = PBXFileReference; lastKnownFileType = sourcecode.swift; path = RatingStarView.swift; sourceTree = "<group>"; };
		B6603520288AA79E009C5B93 /* RatingStarGalleryView.swift */ = {isa = PBXFileReference; lastKnownFileType = sourcecode.swift; path = RatingStarGalleryView.swift; sourceTree = "<group>"; };
		B672CB952835F3A100C039AF /* FillTextButton.swift */ = {isa = PBXFileReference; lastKnownFileType = sourcecode.swift; path = FillTextButton.swift; sourceTree = "<group>"; };
		B672CB9928360E6600C039AF /* BorderButton.swift */ = {isa = PBXFileReference; lastKnownFileType = sourcecode.swift; path = BorderButton.swift; sourceTree = "<group>"; };
		B672CB9B283613CF00C039AF /* BorderTextButton.swift */ = {isa = PBXFileReference; lastKnownFileType = sourcecode.swift; path = BorderTextButton.swift; sourceTree = "<group>"; };
		B672CB9F28363DD900C039AF /* BorderIconTextButton.swift */ = {isa = PBXFileReference; lastKnownFileType = sourcecode.swift; path = BorderIconTextButton.swift; sourceTree = "<group>"; };
		B672CBA128363F1100C039AF /* Icons.swift */ = {isa = PBXFileReference; lastKnownFileType = sourcecode.swift; path = Icons.swift; sourceTree = "<group>"; };
		B672CBA32836446500C039AF /* BorderIconButton.swift */ = {isa = PBXFileReference; lastKnownFileType = sourcecode.swift; path = BorderIconButton.swift; sourceTree = "<group>"; };
		B672CBA528364B9E00C039AF /* FillIconButton.swift */ = {isa = PBXFileReference; lastKnownFileType = sourcecode.swift; path = FillIconButton.swift; sourceTree = "<group>"; };
		B672CBA72836549900C039AF /* FillIconTextButton.swift */ = {isa = PBXFileReference; lastKnownFileType = sourcecode.swift; path = FillIconTextButton.swift; sourceTree = "<group>"; };
		B67C98F728B36870007D19B5 /* HorizontalList.swift */ = {isa = PBXFileReference; lastKnownFileType = sourcecode.swift; path = HorizontalList.swift; sourceTree = "<group>"; };
		B67C98FA28B37A57007D19B5 /* HorizontalListGalleryView.swift */ = {isa = PBXFileReference; lastKnownFileType = sourcecode.swift; path = HorizontalListGalleryView.swift; sourceTree = "<group>"; };
		B67C98FC28B38D51007D19B5 /* HorizontalFacetList.swift */ = {isa = PBXFileReference; lastKnownFileType = sourcecode.swift; path = HorizontalFacetList.swift; sourceTree = "<group>"; };
		B67C98FF28B49554007D19B5 /* UnderlineTextField.swift */ = {isa = PBXFileReference; lastKnownFileType = sourcecode.swift; path = UnderlineTextField.swift; sourceTree = "<group>"; };
		B67C990228B49B6C007D19B5 /* TextFieldGalleryView.swift */ = {isa = PBXFileReference; lastKnownFileType = sourcecode.swift; path = TextFieldGalleryView.swift; sourceTree = "<group>"; };
		B68AE2DE2834D7A000F66647 /* AnimationButtonStyle.swift */ = {isa = PBXFileReference; lastKnownFileType = sourcecode.swift; path = AnimationButtonStyle.swift; sourceTree = "<group>"; };
		B695E6AD28339608007C69AA /* RoundFillButtonStyle.swift */ = {isa = PBXFileReference; lastKnownFileType = sourcecode.swift; path = RoundFillButtonStyle.swift; sourceTree = "<group>"; };
		B695E6B028339B39007C69AA /* Colors.swift */ = {isa = PBXFileReference; lastKnownFileType = sourcecode.swift; path = Colors.swift; sourceTree = "<group>"; };
		B695E6B52833B078007C69AA /* RoundBorderButtonStyle.swift */ = {isa = PBXFileReference; lastKnownFileType = sourcecode.swift; path = RoundBorderButtonStyle.swift; sourceTree = "<group>"; };
		B695E6B728349738007C69AA /* CapsuleFillButtonStyle.swift */ = {isa = PBXFileReference; lastKnownFileType = sourcecode.swift; path = CapsuleFillButtonStyle.swift; sourceTree = "<group>"; };
		B695E6B928349829007C69AA /* CapsuleBorderButtonStyle.swift */ = {isa = PBXFileReference; lastKnownFileType = sourcecode.swift; path = CapsuleBorderButtonStyle.swift; sourceTree = "<group>"; };
		B695E6BB2834AD76007C69AA /* FillButton.swift */ = {isa = PBXFileReference; lastKnownFileType = sourcecode.swift; path = FillButton.swift; sourceTree = "<group>"; };
		B6A76DE0283B768C00301657 /* MypageNavigationBar.swift */ = {isa = PBXFileReference; lastKnownFileType = sourcecode.swift; path = MypageNavigationBar.swift; sourceTree = "<group>"; };
		B6A76DE3283B79D600301657 /* MypageNavigationGalleyView.swift */ = {isa = PBXFileReference; lastKnownFileType = sourcecode.swift; path = MypageNavigationGalleyView.swift; sourceTree = "<group>"; };
		B6A76DE6283B846100301657 /* SearchBar.swift */ = {isa = PBXFileReference; lastKnownFileType = sourcecode.swift; path = SearchBar.swift; sourceTree = "<group>"; };
		B6A76DE8283B882000301657 /* SearchBarGalleryView.swift */ = {isa = PBXFileReference; lastKnownFileType = sourcecode.swift; path = SearchBarGalleryView.swift; sourceTree = "<group>"; };
		B6A76DEA283B8AFD00301657 /* PlaceholderModifier.swift */ = {isa = PBXFileReference; lastKnownFileType = sourcecode.swift; path = PlaceholderModifier.swift; sourceTree = "<group>"; };
		B6A76DEC283B947100301657 /* SearchNavigationBar.swift */ = {isa = PBXFileReference; lastKnownFileType = sourcecode.swift; path = SearchNavigationBar.swift; sourceTree = "<group>"; };
		B6A76DEE283B95C200301657 /* SearchNavigationGalleyView.swift */ = {isa = PBXFileReference; lastKnownFileType = sourcecode.swift; path = SearchNavigationGalleyView.swift; sourceTree = "<group>"; };
		B6C06C71283F7DB8004C8816 /* CircleImage.swift */ = {isa = PBXFileReference; lastKnownFileType = sourcecode.swift; path = CircleImage.swift; sourceTree = "<group>"; };
		B6C06C73283F84BC004C8816 /* RoundImage.swift */ = {isa = PBXFileReference; lastKnownFileType = sourcecode.swift; path = RoundImage.swift; sourceTree = "<group>"; };
		B6C06C77283F8DFA004C8816 /* Fonts.swift */ = {isa = PBXFileReference; lastKnownFileType = sourcecode.swift; path = Fonts.swift; sourceTree = "<group>"; };
		B6C06C7A283F9081004C8816 /* NotificationRow.swift */ = {isa = PBXFileReference; lastKnownFileType = sourcecode.swift; path = NotificationRow.swift; sourceTree = "<group>"; };
		B6C06C81283F9D37004C8816 /* NotificationListView.swift */ = {isa = PBXFileReference; lastKnownFileType = sourcecode.swift; path = NotificationListView.swift; sourceTree = "<group>"; };
		B6C06C8528448748004C8816 /* SeparatorlessList.swift */ = {isa = PBXFileReference; lastKnownFileType = sourcecode.swift; path = SeparatorlessList.swift; sourceTree = "<group>"; };
		B6C06C8A284492BC004C8816 /* BorderModifier.swift */ = {isa = PBXFileReference; lastKnownFileType = sourcecode.swift; path = BorderModifier.swift; sourceTree = "<group>"; };
		B6CCCD2B283B5C6F00DEFA3E /* NavigationBarItemModifier.swift */ = {isa = PBXFileReference; lastKnownFileType = sourcecode.swift; name = NavigationBarItemModifier.swift; path = Gallery/Utilities/ViewModifiers/NavigationBarItemModifier.swift; sourceTree = SOURCE_ROOT; };
		B6E5C47528337A8C001A5951 /* Gallery.app */ = {isa = PBXFileReference; explicitFileType = wrapper.application; includeInIndex = 0; path = Gallery.app; sourceTree = BUILT_PRODUCTS_DIR; };
		B6E5C47828337A8C001A5951 /* GalleryApp.swift */ = {isa = PBXFileReference; lastKnownFileType = sourcecode.swift; path = GalleryApp.swift; sourceTree = "<group>"; };
		B6E5C47A28337A8C001A5951 /* GalleryView.swift */ = {isa = PBXFileReference; lastKnownFileType = sourcecode.swift; path = GalleryView.swift; sourceTree = "<group>"; };
		B6E5C47C28337A8D001A5951 /* Assets.xcassets */ = {isa = PBXFileReference; lastKnownFileType = folder.assetcatalog; path = Assets.xcassets; sourceTree = "<group>"; };
		B6E5C47F28337A8D001A5951 /* Preview Assets.xcassets */ = {isa = PBXFileReference; lastKnownFileType = folder.assetcatalog; path = "Preview Assets.xcassets"; sourceTree = "<group>"; };
		B6E5C48528337A8D001A5951 /* GalleryTests.xctest */ = {isa = PBXFileReference; explicitFileType = wrapper.cfbundle; includeInIndex = 0; path = GalleryTests.xctest; sourceTree = BUILT_PRODUCTS_DIR; };
		B6E5C48928337A8D001A5951 /* GalleryTests.swift */ = {isa = PBXFileReference; lastKnownFileType = sourcecode.swift; path = GalleryTests.swift; sourceTree = "<group>"; };
		B6E5C48F28337A8D001A5951 /* GalleryUITests.xctest */ = {isa = PBXFileReference; explicitFileType = wrapper.cfbundle; includeInIndex = 0; path = GalleryUITests.xctest; sourceTree = BUILT_PRODUCTS_DIR; };
		B6E5C49328337A8D001A5951 /* GalleryUITests.swift */ = {isa = PBXFileReference; lastKnownFileType = sourcecode.swift; path = GalleryUITests.swift; sourceTree = "<group>"; };
		B6E5C49528337A8D001A5951 /* GalleryUITestsLaunchTests.swift */ = {isa = PBXFileReference; lastKnownFileType = sourcecode.swift; path = GalleryUITestsLaunchTests.swift; sourceTree = "<group>"; };
/* End PBXFileReference section */

/* Begin PBXFrameworksBuildPhase section */
		B6E5C47228337A8C001A5951 /* Frameworks */ = {
			isa = PBXFrameworksBuildPhase;
			buildActionMask = 2147483647;
			files = (
			);
			runOnlyForDeploymentPostprocessing = 0;
		};
		B6E5C48228337A8D001A5951 /* Frameworks */ = {
			isa = PBXFrameworksBuildPhase;
			buildActionMask = 2147483647;
			files = (
			);
			runOnlyForDeploymentPostprocessing = 0;
		};
		B6E5C48C28337A8D001A5951 /* Frameworks */ = {
			isa = PBXFrameworksBuildPhase;
			buildActionMask = 2147483647;
			files = (
			);
			runOnlyForDeploymentPostprocessing = 0;
		};
/* End PBXFrameworksBuildPhase section */

/* Begin PBXGroup section */
		B60B8EB52891408C005A9DC5 /* RatingView */ = {
			isa = PBXGroup;
			children = (
				B60B8EB6289140D9005A9DC5 /* RatingScoreStarView.swift */,
			);
			path = RatingView;
			sourceTree = "<group>";
		};
		B640E703283382DD0067D6F3 /* Pages */ = {
			isa = PBXGroup;
			children = (
				B6C06C7E283F9CE8004C8816 /* ButtonGalleryView */,
				B6A76DE2283B79A700301657 /* NavigationGalleries */,
				B6C06C7F283F9CFA004C8816 /* SearchBarGalleryView */,
				B6C06C80283F9D11004C8816 /* NotificationListView */,
				B660351F288AA780009C5B93 /* RatingStarGalleryView */,
				B67C98F928B37A36007D19B5 /* HorizontalListGalleryView */,
				B67C990128B49B59007D19B5 /* TextFieldGalleryView */,
			);
			path = Pages;
			sourceTree = "<group>";
		};
		B6603512288A9DAD009C5B93 /* Libraries */ = {
			isa = PBXGroup;
			children = (
				B6603515288AA028009C5B93 /* AXRatingView */,
			);
			path = Libraries;
			sourceTree = "<group>";
		};
		B6603515288AA028009C5B93 /* AXRatingView */ = {
			isa = PBXGroup;
			children = (
				B6603519288AA0C5009C5B93 /* AXRatingView.h */,
				B660351A288AA0C5009C5B93 /* AXRatingView.m */,
			);
			path = AXRatingView;
			sourceTree = "<group>";
		};
		B660351C288AA298009C5B93 /* RatingView */ = {
			isa = PBXGroup;
			children = (
				B660351D288AA2DC009C5B93 /* RatingStarView.swift */,
			);
			path = RatingView;
			sourceTree = "<group>";
		};
		B660351F288AA780009C5B93 /* RatingStarGalleryView */ = {
			isa = PBXGroup;
			children = (
				B6603520288AA79E009C5B93 /* RatingStarGalleryView.swift */,
			);
			path = RatingStarGalleryView;
			sourceTree = "<group>";
		};
		B67C98F628B3671B007D19B5 /* HorizontalList */ = {
			isa = PBXGroup;
			children = (
				B67C98F728B36870007D19B5 /* HorizontalList.swift */,
				B67C98FC28B38D51007D19B5 /* HorizontalFacetList.swift */,
			);
			path = HorizontalList;
			sourceTree = "<group>";
		};
		B67C98F928B37A36007D19B5 /* HorizontalListGalleryView */ = {
			isa = PBXGroup;
			children = (
				B67C98FA28B37A57007D19B5 /* HorizontalListGalleryView.swift */,
			);
			path = HorizontalListGalleryView;
			sourceTree = "<group>";
		};
		B67C98FE28B47C42007D19B5 /* TextField */ = {
			isa = PBXGroup;
			children = (
				B67C98FF28B49554007D19B5 /* UnderlineTextField.swift */,
			);
			path = TextField;
			sourceTree = "<group>";
		};
		B67C990128B49B59007D19B5 /* TextFieldGalleryView */ = {
			isa = PBXGroup;
			children = (
				B67C990228B49B6C007D19B5 /* TextFieldGalleryView.swift */,
			);
			path = TextFieldGalleryView;
			sourceTree = "<group>";
		};
		B695E6A82833945F007C69AA /* Components */ = {
			isa = PBXGroup;
			children = (
				B6603512288A9DAD009C5B93 /* Libraries */,
				B695E6A928339472007C69AA /* Atoms */,
				B6A76DDE283B763600301657 /* Molecules */,
				B695E6AA2833947D007C69AA /* Templates */,
			);
			path = Components;
			sourceTree = "<group>";
		};
		B695E6A928339472007C69AA /* Atoms */ = {
			isa = PBXGroup;
			children = (
				B67C98FE28B47C42007D19B5 /* TextField */,
				B6C06C8428448733004C8816 /* List */,
				B6A76DE5283B845400301657 /* SearchBar */,
				B695E6AB283394CC007C69AA /* Buttons */,
				B6C06C70283F7DA1004C8816 /* Images */,
				B660351C288AA298009C5B93 /* RatingView */,
			);
			path = Atoms;
			sourceTree = "<group>";
		};
		B695E6AA2833947D007C69AA /* Templates */ = {
			isa = PBXGroup;
			children = (
			);
			path = Templates;
			sourceTree = "<group>";
		};
		B695E6AB283394CC007C69AA /* Buttons */ = {
			isa = PBXGroup;
			children = (
				B695E6AC283394D6007C69AA /* ButtonStyles */,
				B695E6BB2834AD76007C69AA /* FillButton.swift */,
				B672CB952835F3A100C039AF /* FillTextButton.swift */,
				B672CBA528364B9E00C039AF /* FillIconButton.swift */,
				B672CBA72836549900C039AF /* FillIconTextButton.swift */,
				B672CB9928360E6600C039AF /* BorderButton.swift */,
				B672CB9B283613CF00C039AF /* BorderTextButton.swift */,
				B672CBA32836446500C039AF /* BorderIconButton.swift */,
				B672CB9F28363DD900C039AF /* BorderIconTextButton.swift */,
			);
			path = Buttons;
			sourceTree = "<group>";
		};
		B695E6AC283394D6007C69AA /* ButtonStyles */ = {
			isa = PBXGroup;
			children = (
				B695E6AD28339608007C69AA /* RoundFillButtonStyle.swift */,
				B695E6B52833B078007C69AA /* RoundBorderButtonStyle.swift */,
				B695E6B728349738007C69AA /* CapsuleFillButtonStyle.swift */,
				B695E6B928349829007C69AA /* CapsuleBorderButtonStyle.swift */,
				B68AE2DE2834D7A000F66647 /* AnimationButtonStyle.swift */,
			);
			path = ButtonStyles;
			sourceTree = "<group>";
		};
		B695E6AF28339B05007C69AA /* Utilities */ = {
			isa = PBXGroup;
			children = (
				B6C06C76283F8DD6004C8816 /* Typography */,
				B6C06C75283F8DCA004C8816 /* Assets */,
				B695E6B22833A1CA007C69AA /* ViewModifiers */,
			);
			path = Utilities;
			sourceTree = "<group>";
		};
		B695E6B22833A1CA007C69AA /* ViewModifiers */ = {
			isa = PBXGroup;
			children = (
				B6CCCD2B283B5C6F00DEFA3E /* NavigationBarItemModifier.swift */,
				B6A76DEA283B8AFD00301657 /* PlaceholderModifier.swift */,
				B6C06C8A284492BC004C8816 /* BorderModifier.swift */,
			);
			path = ViewModifiers;
			sourceTree = "<group>";
		};
		B6A76DDE283B763600301657 /* Molecules */ = {
			isa = PBXGroup;
			children = (
				B67C98F628B3671B007D19B5 /* HorizontalList */,
				B60B8EB52891408C005A9DC5 /* RatingView */,
				B6C06C79283F9060004C8816 /* Row */,
				B6A76DDF283B764D00301657 /* NavigationBar */,
			);
			path = Molecules;
			sourceTree = "<group>";
		};
		B6A76DDF283B764D00301657 /* NavigationBar */ = {
			isa = PBXGroup;
			children = (
				B6A76DE0283B768C00301657 /* MypageNavigationBar.swift */,
				B6A76DEC283B947100301657 /* SearchNavigationBar.swift */,
			);
			path = NavigationBar;
			sourceTree = "<group>";
		};
		B6A76DE2283B79A700301657 /* NavigationGalleries */ = {
			isa = PBXGroup;
			children = (
				B61B61D3283B3863003D45E1 /* NavigationGalleryView.swift */,
				B6A76DE3283B79D600301657 /* MypageNavigationGalleyView.swift */,
				B6A76DEE283B95C200301657 /* SearchNavigationGalleyView.swift */,
			);
			path = NavigationGalleries;
			sourceTree = "<group>";
		};
		B6A76DE5283B845400301657 /* SearchBar */ = {
			isa = PBXGroup;
			children = (
				B6A76DE6283B846100301657 /* SearchBar.swift */,
			);
			path = SearchBar;
			sourceTree = "<group>";
		};
		B6C06C70283F7DA1004C8816 /* Images */ = {
			isa = PBXGroup;
			children = (
				B6C06C71283F7DB8004C8816 /* CircleImage.swift */,
				B6C06C73283F84BC004C8816 /* RoundImage.swift */,
			);
			path = Images;
			sourceTree = "<group>";
		};
		B6C06C75283F8DCA004C8816 /* Assets */ = {
			isa = PBXGroup;
			children = (
				B695E6B028339B39007C69AA /* Colors.swift */,
				B672CBA128363F1100C039AF /* Icons.swift */,
			);
			path = Assets;
			sourceTree = "<group>";
		};
		B6C06C76283F8DD6004C8816 /* Typography */ = {
			isa = PBXGroup;
			children = (
				B6C06C77283F8DFA004C8816 /* Fonts.swift */,
			);
			path = Typography;
			sourceTree = "<group>";
		};
		B6C06C79283F9060004C8816 /* Row */ = {
			isa = PBXGroup;
			children = (
				B6C06C7A283F9081004C8816 /* NotificationRow.swift */,
			);
			path = Row;
			sourceTree = "<group>";
		};
		B6C06C7E283F9CE8004C8816 /* ButtonGalleryView */ = {
			isa = PBXGroup;
			children = (
				B640E704283383120067D6F3 /* ButtonGalleryView.swift */,
			);
			path = ButtonGalleryView;
			sourceTree = "<group>";
		};
		B6C06C7F283F9CFA004C8816 /* SearchBarGalleryView */ = {
			isa = PBXGroup;
			children = (
				B6A76DE8283B882000301657 /* SearchBarGalleryView.swift */,
			);
			path = SearchBarGalleryView;
			sourceTree = "<group>";
		};
		B6C06C80283F9D11004C8816 /* NotificationListView */ = {
			isa = PBXGroup;
			children = (
				B6C06C81283F9D37004C8816 /* NotificationListView.swift */,
			);
			path = NotificationListView;
			sourceTree = "<group>";
		};
		B6C06C8428448733004C8816 /* List */ = {
			isa = PBXGroup;
			children = (
				B6C06C8528448748004C8816 /* SeparatorlessList.swift */,
			);
			path = List;
			sourceTree = "<group>";
		};
		B6E5C46C28337A8C001A5951 = {
			isa = PBXGroup;
			children = (
				B6E5C47728337A8C001A5951 /* Gallery */,
				B6E5C48828337A8D001A5951 /* GalleryTests */,
				B6E5C49228337A8D001A5951 /* GalleryUITests */,
				B6E5C47628337A8C001A5951 /* Products */,
			);
			sourceTree = "<group>";
		};
		B6E5C47628337A8C001A5951 /* Products */ = {
			isa = PBXGroup;
			children = (
				B6E5C47528337A8C001A5951 /* Gallery.app */,
				B6E5C48528337A8D001A5951 /* GalleryTests.xctest */,
				B6E5C48F28337A8D001A5951 /* GalleryUITests.xctest */,
			);
			name = Products;
			sourceTree = "<group>";
		};
		B6E5C47728337A8C001A5951 /* Gallery */ = {
			isa = PBXGroup;
			children = (
				B6E5C47828337A8C001A5951 /* GalleryApp.swift */,
				B6E5C47A28337A8C001A5951 /* GalleryView.swift */,
				B640E703283382DD0067D6F3 /* Pages */,
				B695E6A82833945F007C69AA /* Components */,
				B695E6AF28339B05007C69AA /* Utilities */,
				B6E5C47C28337A8D001A5951 /* Assets.xcassets */,
				B6E5C47E28337A8D001A5951 /* Preview Content */,
				B6603508288A9C10009C5B93 /* Gallery-Bridging-Header.h */,
			);
			path = Gallery;
			sourceTree = "<group>";
		};
		B6E5C47E28337A8D001A5951 /* Preview Content */ = {
			isa = PBXGroup;
			children = (
				B6E5C47F28337A8D001A5951 /* Preview Assets.xcassets */,
			);
			path = "Preview Content";
			sourceTree = "<group>";
		};
		B6E5C48828337A8D001A5951 /* GalleryTests */ = {
			isa = PBXGroup;
			children = (
				B6E5C48928337A8D001A5951 /* GalleryTests.swift */,
			);
			path = GalleryTests;
			sourceTree = "<group>";
		};
		B6E5C49228337A8D001A5951 /* GalleryUITests */ = {
			isa = PBXGroup;
			children = (
				B6E5C49328337A8D001A5951 /* GalleryUITests.swift */,
				B6E5C49528337A8D001A5951 /* GalleryUITestsLaunchTests.swift */,
			);
			path = GalleryUITests;
			sourceTree = "<group>";
		};
/* End PBXGroup section */

/* Begin PBXNativeTarget section */
		B6E5C47428337A8C001A5951 /* Gallery */ = {
			isa = PBXNativeTarget;
			buildConfigurationList = B6E5C49928337A8D001A5951 /* Build configuration list for PBXNativeTarget "Gallery" */;
			buildPhases = (
				B6E5C47128337A8C001A5951 /* Sources */,
				B6E5C47228337A8C001A5951 /* Frameworks */,
				B6E5C47328337A8C001A5951 /* Resources */,
			);
			buildRules = (
			);
			dependencies = (
			);
			name = Gallery;
			productName = Gallery;
			productReference = B6E5C47528337A8C001A5951 /* Gallery.app */;
			productType = "com.apple.product-type.application";
		};
		B6E5C48428337A8D001A5951 /* GalleryTests */ = {
			isa = PBXNativeTarget;
			buildConfigurationList = B6E5C49C28337A8D001A5951 /* Build configuration list for PBXNativeTarget "GalleryTests" */;
			buildPhases = (
				B6E5C48128337A8D001A5951 /* Sources */,
				B6E5C48228337A8D001A5951 /* Frameworks */,
				B6E5C48328337A8D001A5951 /* Resources */,
			);
			buildRules = (
			);
			dependencies = (
				B6E5C48728337A8D001A5951 /* PBXTargetDependency */,
			);
			name = GalleryTests;
			productName = GalleryTests;
			productReference = B6E5C48528337A8D001A5951 /* GalleryTests.xctest */;
			productType = "com.apple.product-type.bundle.unit-test";
		};
		B6E5C48E28337A8D001A5951 /* GalleryUITests */ = {
			isa = PBXNativeTarget;
			buildConfigurationList = B6E5C49F28337A8D001A5951 /* Build configuration list for PBXNativeTarget "GalleryUITests" */;
			buildPhases = (
				B6E5C48B28337A8D001A5951 /* Sources */,
				B6E5C48C28337A8D001A5951 /* Frameworks */,
				B6E5C48D28337A8D001A5951 /* Resources */,
			);
			buildRules = (
			);
			dependencies = (
				B6E5C49128337A8D001A5951 /* PBXTargetDependency */,
			);
			name = GalleryUITests;
			productName = GalleryUITests;
			productReference = B6E5C48F28337A8D001A5951 /* GalleryUITests.xctest */;
			productType = "com.apple.product-type.bundle.ui-testing";
		};
/* End PBXNativeTarget section */

/* Begin PBXProject section */
		B6E5C46D28337A8C001A5951 /* Project object */ = {
			isa = PBXProject;
			attributes = {
				BuildIndependentTargetsInParallel = 1;
				LastSwiftUpdateCheck = 1330;
				LastUpgradeCheck = 1330;
				TargetAttributes = {
					B6E5C47428337A8C001A5951 = {
						CreatedOnToolsVersion = 13.3.1;
						LastSwiftMigration = 1340;
					};
					B6E5C48428337A8D001A5951 = {
						CreatedOnToolsVersion = 13.3.1;
						TestTargetID = B6E5C47428337A8C001A5951;
					};
					B6E5C48E28337A8D001A5951 = {
						CreatedOnToolsVersion = 13.3.1;
						TestTargetID = B6E5C47428337A8C001A5951;
					};
				};
			};
			buildConfigurationList = B6E5C47028337A8C001A5951 /* Build configuration list for PBXProject "Gallery" */;
			compatibilityVersion = "Xcode 13.0";
			developmentRegion = en;
			hasScannedForEncodings = 0;
			knownRegions = (
				en,
				Base,
			);
			mainGroup = B6E5C46C28337A8C001A5951;
			productRefGroup = B6E5C47628337A8C001A5951 /* Products */;
			projectDirPath = "";
			projectRoot = "";
			targets = (
				B6E5C47428337A8C001A5951 /* Gallery */,
				B6E5C48428337A8D001A5951 /* GalleryTests */,
				B6E5C48E28337A8D001A5951 /* GalleryUITests */,
			);
		};
/* End PBXProject section */

/* Begin PBXResourcesBuildPhase section */
		B6E5C47328337A8C001A5951 /* Resources */ = {
			isa = PBXResourcesBuildPhase;
			buildActionMask = 2147483647;
			files = (
				B6E5C48028337A8D001A5951 /* Preview Assets.xcassets in Resources */,
				B6E5C47D28337A8D001A5951 /* Assets.xcassets in Resources */,
			);
			runOnlyForDeploymentPostprocessing = 0;
		};
		B6E5C48328337A8D001A5951 /* Resources */ = {
			isa = PBXResourcesBuildPhase;
			buildActionMask = 2147483647;
			files = (
			);
			runOnlyForDeploymentPostprocessing = 0;
		};
		B6E5C48D28337A8D001A5951 /* Resources */ = {
			isa = PBXResourcesBuildPhase;
			buildActionMask = 2147483647;
			files = (
			);
			runOnlyForDeploymentPostprocessing = 0;
		};
/* End PBXResourcesBuildPhase section */

/* Begin PBXSourcesBuildPhase section */
		B6E5C47128337A8C001A5951 /* Sources */ = {
			isa = PBXSourcesBuildPhase;
			buildActionMask = 2147483647;
			files = (
				B640E705283383120067D6F3 /* ButtonGalleryView.swift in Sources */,
				B695E6BA28349829007C69AA /* CapsuleBorderButtonStyle.swift in Sources */,
				B672CB9C283613CF00C039AF /* BorderTextButton.swift in Sources */,
				B67C98FB28B37A57007D19B5 /* HorizontalListGalleryView.swift in Sources */,
				B6E5C47B28337A8C001A5951 /* GalleryView.swift in Sources */,
				B6C06C8628448748004C8816 /* SeparatorlessList.swift in Sources */,
				B6C06C74283F84BC004C8816 /* RoundImage.swift in Sources */,
				B672CBA42836446500C039AF /* BorderIconButton.swift in Sources */,
				B695E6BC2834AD76007C69AA /* FillButton.swift in Sources */,
				B672CBA82836549900C039AF /* FillIconTextButton.swift in Sources */,
				B695E6B828349738007C69AA /* CapsuleFillButtonStyle.swift in Sources */,
				B61B61D4283B3863003D45E1 /* NavigationGalleryView.swift in Sources */,
				B6CCCD2C283B5C6F00DEFA3E /* NavigationBarItemModifier.swift in Sources */,
				B672CBA028363DD900C039AF /* BorderIconTextButton.swift in Sources */,
				B695E6B62833B078007C69AA /* RoundBorderButtonStyle.swift in Sources */,
				B60B8EB7289140D9005A9DC5 /* RatingScoreStarView.swift in Sources */,
				B6C06C7B283F9081004C8816 /* NotificationRow.swift in Sources */,
				B6C06C8B284492BC004C8816 /* BorderModifier.swift in Sources */,
				B67C98F828B36870007D19B5 /* HorizontalList.swift in Sources */,
				B6A76DEB283B8AFD00301657 /* PlaceholderModifier.swift in Sources */,
				B67C990028B49554007D19B5 /* UnderlineTextField.swift in Sources */,
				B6A76DEF283B95C200301657 /* SearchNavigationGalleyView.swift in Sources */,
				B672CBA228363F1100C039AF /* Icons.swift in Sources */,
				B6C06C78283F8DFA004C8816 /* Fonts.swift in Sources */,
				B68AE2DF2834D7A000F66647 /* AnimationButtonStyle.swift in Sources */,
				B660351E288AA2DC009C5B93 /* RatingStarView.swift in Sources */,
				B6C06C82283F9D37004C8816 /* NotificationListView.swift in Sources */,
				B6A76DE4283B79D600301657 /* MypageNavigationGalleyView.swift in Sources */,
				B6C06C72283F7DB8004C8816 /* CircleImage.swift in Sources */,
				B695E6AE28339608007C69AA /* RoundFillButtonStyle.swift in Sources */,
				B6A76DED283B947100301657 /* SearchNavigationBar.swift in Sources */,
				B6603521288AA79E009C5B93 /* RatingStarGalleryView.swift in Sources */,
				B6A76DE7283B846100301657 /* SearchBar.swift in Sources */,
				B695E6B128339B39007C69AA /* Colors.swift in Sources */,
				B672CB962835F3A100C039AF /* FillTextButton.swift in Sources */,
				B67C98FD28B38D51007D19B5 /* HorizontalFacetList.swift in Sources */,
				B6A76DE9283B882000301657 /* SearchBarGalleryView.swift in Sources */,
				B6E5C47928337A8C001A5951 /* GalleryApp.swift in Sources */,
				B660351B288AA0C5009C5B93 /* AXRatingView.m in Sources */,
				B672CBA628364B9E00C039AF /* FillIconButton.swift in Sources */,
				B672CB9A28360E6600C039AF /* BorderButton.swift in Sources */,
				B67C990328B49B6C007D19B5 /* TextFieldGalleryView.swift in Sources */,
				B6A76DE1283B768C00301657 /* MypageNavigationBar.swift in Sources */,
			);
			runOnlyForDeploymentPostprocessing = 0;
		};
		B6E5C48128337A8D001A5951 /* Sources */ = {
			isa = PBXSourcesBuildPhase;
			buildActionMask = 2147483647;
			files = (
				B6E5C48A28337A8D001A5951 /* GalleryTests.swift in Sources */,
			);
			runOnlyForDeploymentPostprocessing = 0;
		};
		B6E5C48B28337A8D001A5951 /* Sources */ = {
			isa = PBXSourcesBuildPhase;
			buildActionMask = 2147483647;
			files = (
				B6E5C49428337A8D001A5951 /* GalleryUITests.swift in Sources */,
				B6E5C49628337A8D001A5951 /* GalleryUITestsLaunchTests.swift in Sources */,
			);
			runOnlyForDeploymentPostprocessing = 0;
		};
/* End PBXSourcesBuildPhase section */

/* Begin PBXTargetDependency section */
		B6E5C48728337A8D001A5951 /* PBXTargetDependency */ = {
			isa = PBXTargetDependency;
			target = B6E5C47428337A8C001A5951 /* Gallery */;
			targetProxy = B6E5C48628337A8D001A5951 /* PBXContainerItemProxy */;
		};
		B6E5C49128337A8D001A5951 /* PBXTargetDependency */ = {
			isa = PBXTargetDependency;
			target = B6E5C47428337A8C001A5951 /* Gallery */;
			targetProxy = B6E5C49028337A8D001A5951 /* PBXContainerItemProxy */;
		};
/* End PBXTargetDependency section */

/* Begin XCBuildConfiguration section */
		B6E5C49728337A8D001A5951 /* Debug */ = {
			isa = XCBuildConfiguration;
			buildSettings = {
				ALWAYS_SEARCH_USER_PATHS = NO;
				CLANG_ANALYZER_NONNULL = YES;
				CLANG_ANALYZER_NUMBER_OBJECT_CONVERSION = YES_AGGRESSIVE;
				CLANG_CXX_LANGUAGE_STANDARD = "gnu++17";
				CLANG_ENABLE_MODULES = YES;
				CLANG_ENABLE_OBJC_ARC = YES;
				CLANG_ENABLE_OBJC_WEAK = YES;
				CLANG_WARN_BLOCK_CAPTURE_AUTORELEASING = YES;
				CLANG_WARN_BOOL_CONVERSION = YES;
				CLANG_WARN_COMMA = YES;
				CLANG_WARN_CONSTANT_CONVERSION = YES;
				CLANG_WARN_DEPRECATED_OBJC_IMPLEMENTATIONS = YES;
				CLANG_WARN_DIRECT_OBJC_ISA_USAGE = YES_ERROR;
				CLANG_WARN_DOCUMENTATION_COMMENTS = YES;
				CLANG_WARN_EMPTY_BODY = YES;
				CLANG_WARN_ENUM_CONVERSION = YES;
				CLANG_WARN_INFINITE_RECURSION = YES;
				CLANG_WARN_INT_CONVERSION = YES;
				CLANG_WARN_NON_LITERAL_NULL_CONVERSION = YES;
				CLANG_WARN_OBJC_IMPLICIT_RETAIN_SELF = YES;
				CLANG_WARN_OBJC_LITERAL_CONVERSION = YES;
				CLANG_WARN_OBJC_ROOT_CLASS = YES_ERROR;
				CLANG_WARN_QUOTED_INCLUDE_IN_FRAMEWORK_HEADER = YES;
				CLANG_WARN_RANGE_LOOP_ANALYSIS = YES;
				CLANG_WARN_STRICT_PROTOTYPES = YES;
				CLANG_WARN_SUSPICIOUS_MOVE = YES;
				CLANG_WARN_UNGUARDED_AVAILABILITY = YES_AGGRESSIVE;
				CLANG_WARN_UNREACHABLE_CODE = YES;
				CLANG_WARN__DUPLICATE_METHOD_MATCH = YES;
				COPY_PHASE_STRIP = NO;
				DEBUG_INFORMATION_FORMAT = dwarf;
				ENABLE_STRICT_OBJC_MSGSEND = YES;
				ENABLE_TESTABILITY = YES;
				GCC_C_LANGUAGE_STANDARD = gnu11;
				GCC_DYNAMIC_NO_PIC = NO;
				GCC_NO_COMMON_BLOCKS = YES;
				GCC_OPTIMIZATION_LEVEL = 0;
				GCC_PREPROCESSOR_DEFINITIONS = (
					"DEBUG=1",
					"$(inherited)",
				);
				GCC_WARN_64_TO_32_BIT_CONVERSION = YES;
				GCC_WARN_ABOUT_RETURN_TYPE = YES_ERROR;
				GCC_WARN_UNDECLARED_SELECTOR = YES;
				GCC_WARN_UNINITIALIZED_AUTOS = YES_AGGRESSIVE;
				GCC_WARN_UNUSED_FUNCTION = YES;
				GCC_WARN_UNUSED_VARIABLE = YES;
				IPHONEOS_DEPLOYMENT_TARGET = 14.0;
				MTL_ENABLE_DEBUG_INFO = INCLUDE_SOURCE;
				MTL_FAST_MATH = YES;
				ONLY_ACTIVE_ARCH = YES;
				SDKROOT = iphoneos;
				SWIFT_ACTIVE_COMPILATION_CONDITIONS = DEBUG;
				SWIFT_OPTIMIZATION_LEVEL = "-Onone";
			};
			name = Debug;
		};
		B6E5C49828337A8D001A5951 /* Release */ = {
			isa = XCBuildConfiguration;
			buildSettings = {
				ALWAYS_SEARCH_USER_PATHS = NO;
				CLANG_ANALYZER_NONNULL = YES;
				CLANG_ANALYZER_NUMBER_OBJECT_CONVERSION = YES_AGGRESSIVE;
				CLANG_CXX_LANGUAGE_STANDARD = "gnu++17";
				CLANG_ENABLE_MODULES = YES;
				CLANG_ENABLE_OBJC_ARC = YES;
				CLANG_ENABLE_OBJC_WEAK = YES;
				CLANG_WARN_BLOCK_CAPTURE_AUTORELEASING = YES;
				CLANG_WARN_BOOL_CONVERSION = YES;
				CLANG_WARN_COMMA = YES;
				CLANG_WARN_CONSTANT_CONVERSION = YES;
				CLANG_WARN_DEPRECATED_OBJC_IMPLEMENTATIONS = YES;
				CLANG_WARN_DIRECT_OBJC_ISA_USAGE = YES_ERROR;
				CLANG_WARN_DOCUMENTATION_COMMENTS = YES;
				CLANG_WARN_EMPTY_BODY = YES;
				CLANG_WARN_ENUM_CONVERSION = YES;
				CLANG_WARN_INFINITE_RECURSION = YES;
				CLANG_WARN_INT_CONVERSION = YES;
				CLANG_WARN_NON_LITERAL_NULL_CONVERSION = YES;
				CLANG_WARN_OBJC_IMPLICIT_RETAIN_SELF = YES;
				CLANG_WARN_OBJC_LITERAL_CONVERSION = YES;
				CLANG_WARN_OBJC_ROOT_CLASS = YES_ERROR;
				CLANG_WARN_QUOTED_INCLUDE_IN_FRAMEWORK_HEADER = YES;
				CLANG_WARN_RANGE_LOOP_ANALYSIS = YES;
				CLANG_WARN_STRICT_PROTOTYPES = YES;
				CLANG_WARN_SUSPICIOUS_MOVE = YES;
				CLANG_WARN_UNGUARDED_AVAILABILITY = YES_AGGRESSIVE;
				CLANG_WARN_UNREACHABLE_CODE = YES;
				CLANG_WARN__DUPLICATE_METHOD_MATCH = YES;
				COPY_PHASE_STRIP = NO;
				DEBUG_INFORMATION_FORMAT = "dwarf-with-dsym";
				ENABLE_NS_ASSERTIONS = NO;
				ENABLE_STRICT_OBJC_MSGSEND = YES;
				GCC_C_LANGUAGE_STANDARD = gnu11;
				GCC_NO_COMMON_BLOCKS = YES;
				GCC_WARN_64_TO_32_BIT_CONVERSION = YES;
				GCC_WARN_ABOUT_RETURN_TYPE = YES_ERROR;
				GCC_WARN_UNDECLARED_SELECTOR = YES;
				GCC_WARN_UNINITIALIZED_AUTOS = YES_AGGRESSIVE;
				GCC_WARN_UNUSED_FUNCTION = YES;
				GCC_WARN_UNUSED_VARIABLE = YES;
				IPHONEOS_DEPLOYMENT_TARGET = 14.0;
				MTL_ENABLE_DEBUG_INFO = NO;
				MTL_FAST_MATH = YES;
				SDKROOT = iphoneos;
				SWIFT_COMPILATION_MODE = wholemodule;
				SWIFT_OPTIMIZATION_LEVEL = "-O";
				VALIDATE_PRODUCT = YES;
			};
			name = Release;
		};
		B6E5C49A28337A8D001A5951 /* Debug */ = {
			isa = XCBuildConfiguration;
			buildSettings = {
				ASSETCATALOG_COMPILER_APPICON_NAME = AppIcon;
				ASSETCATALOG_COMPILER_GLOBAL_ACCENT_COLOR_NAME = AccentColor;
				CLANG_ENABLE_MODULES = YES;
				CODE_SIGN_STYLE = Automatic;
				CURRENT_PROJECT_VERSION = 1;
				DEFINES_MODULE = YES;
				DEVELOPMENT_ASSET_PATHS = "\"Gallery/Preview Content\"";
				DEVELOPMENT_TEAM = WVULB6RM2C;
				ENABLE_PREVIEWS = YES;
				GENERATE_INFOPLIST_FILE = YES;
				INFOPLIST_KEY_UIApplicationSceneManifest_Generation = YES;
				INFOPLIST_KEY_UIApplicationSupportsIndirectInputEvents = YES;
				INFOPLIST_KEY_UILaunchScreen_Generation = YES;
				INFOPLIST_KEY_UISupportedInterfaceOrientations_iPad = "UIInterfaceOrientationPortrait UIInterfaceOrientationPortraitUpsideDown UIInterfaceOrientationLandscapeLeft UIInterfaceOrientationLandscapeRight";
				INFOPLIST_KEY_UISupportedInterfaceOrientations_iPhone = "UIInterfaceOrientationPortrait UIInterfaceOrientationLandscapeLeft UIInterfaceOrientationLandscapeRight";
				LD_RUNPATH_SEARCH_PATHS = (
					"$(inherited)",
					"@executable_path/Frameworks",
				);
				MARKETING_VERSION = 1.0;
				PRODUCT_BUNDLE_IDENTIFIER = tokyo.ukit.Gallery;
				PRODUCT_NAME = "$(TARGET_NAME)";
				SWIFT_EMIT_LOC_STRINGS = YES;
				SWIFT_OBJC_BRIDGING_HEADER = "Gallery/Gallery-Bridging-Header.h";
				SWIFT_OPTIMIZATION_LEVEL = "-Onone";
				SWIFT_VERSION = 5.0;
				TARGETED_DEVICE_FAMILY = "1,2";
			};
			name = Debug;
		};
		B6E5C49B28337A8D001A5951 /* Release */ = {
			isa = XCBuildConfiguration;
			buildSettings = {
				ASSETCATALOG_COMPILER_APPICON_NAME = AppIcon;
				ASSETCATALOG_COMPILER_GLOBAL_ACCENT_COLOR_NAME = AccentColor;
				CLANG_ENABLE_MODULES = YES;
				CODE_SIGN_STYLE = Automatic;
				CURRENT_PROJECT_VERSION = 1;
				DEFINES_MODULE = YES;
				DEVELOPMENT_ASSET_PATHS = "\"Gallery/Preview Content\"";
				DEVELOPMENT_TEAM = WVULB6RM2C;
				ENABLE_PREVIEWS = YES;
				GENERATE_INFOPLIST_FILE = YES;
				INFOPLIST_KEY_UIApplicationSceneManifest_Generation = YES;
				INFOPLIST_KEY_UIApplicationSupportsIndirectInputEvents = YES;
				INFOPLIST_KEY_UILaunchScreen_Generation = YES;
				INFOPLIST_KEY_UISupportedInterfaceOrientations_iPad = "UIInterfaceOrientationPortrait UIInterfaceOrientationPortraitUpsideDown UIInterfaceOrientationLandscapeLeft UIInterfaceOrientationLandscapeRight";
				INFOPLIST_KEY_UISupportedInterfaceOrientations_iPhone = "UIInterfaceOrientationPortrait UIInterfaceOrientationLandscapeLeft UIInterfaceOrientationLandscapeRight";
				LD_RUNPATH_SEARCH_PATHS = (
					"$(inherited)",
					"@executable_path/Frameworks",
				);
				MARKETING_VERSION = 1.0;
				PRODUCT_BUNDLE_IDENTIFIER = tokyo.ukit.Gallery;
				PRODUCT_NAME = "$(TARGET_NAME)";
				SWIFT_EMIT_LOC_STRINGS = YES;
				SWIFT_OBJC_BRIDGING_HEADER = "Gallery/Gallery-Bridging-Header.h";
				SWIFT_VERSION = 5.0;
				TARGETED_DEVICE_FAMILY = "1,2";
			};
			name = Release;
		};
		B6E5C49D28337A8D001A5951 /* Debug */ = {
			isa = XCBuildConfiguration;
			buildSettings = {
				ALWAYS_EMBED_SWIFT_STANDARD_LIBRARIES = YES;
				BUNDLE_LOADER = "$(TEST_HOST)";
				CODE_SIGN_STYLE = Automatic;
				CURRENT_PROJECT_VERSION = 1;
				DEVELOPMENT_TEAM = WVULB6RM2C;
				GENERATE_INFOPLIST_FILE = YES;
				IPHONEOS_DEPLOYMENT_TARGET = 15.4;
				MARKETING_VERSION = 1.0;
				PRODUCT_BUNDLE_IDENTIFIER = tokyo.ukit.GalleryTests;
				PRODUCT_NAME = "$(TARGET_NAME)";
				SWIFT_EMIT_LOC_STRINGS = NO;
				SWIFT_VERSION = 5.0;
				TARGETED_DEVICE_FAMILY = "1,2";
				TEST_HOST = "$(BUILT_PRODUCTS_DIR)/Gallery.app/Gallery";
			};
			name = Debug;
		};
		B6E5C49E28337A8D001A5951 /* Release */ = {
			isa = XCBuildConfiguration;
			buildSettings = {
				ALWAYS_EMBED_SWIFT_STANDARD_LIBRARIES = YES;
				BUNDLE_LOADER = "$(TEST_HOST)";
				CODE_SIGN_STYLE = Automatic;
				CURRENT_PROJECT_VERSION = 1;
				DEVELOPMENT_TEAM = WVULB6RM2C;
				GENERATE_INFOPLIST_FILE = YES;
				IPHONEOS_DEPLOYMENT_TARGET = 15.4;
				MARKETING_VERSION = 1.0;
				PRODUCT_BUNDLE_IDENTIFIER = tokyo.ukit.GalleryTests;
				PRODUCT_NAME = "$(TARGET_NAME)";
				SWIFT_EMIT_LOC_STRINGS = NO;
				SWIFT_VERSION = 5.0;
				TARGETED_DEVICE_FAMILY = "1,2";
				TEST_HOST = "$(BUILT_PRODUCTS_DIR)/Gallery.app/Gallery";
			};
			name = Release;
		};
		B6E5C4A028337A8D001A5951 /* Debug */ = {
			isa = XCBuildConfiguration;
			buildSettings = {
				ALWAYS_EMBED_SWIFT_STANDARD_LIBRARIES = YES;
				CODE_SIGN_STYLE = Automatic;
				CURRENT_PROJECT_VERSION = 1;
				DEVELOPMENT_TEAM = WVULB6RM2C;
				GENERATE_INFOPLIST_FILE = YES;
				MARKETING_VERSION = 1.0;
				PRODUCT_BUNDLE_IDENTIFIER = tokyo.ukit.GalleryUITests;
				PRODUCT_NAME = "$(TARGET_NAME)";
				SWIFT_EMIT_LOC_STRINGS = NO;
				SWIFT_VERSION = 5.0;
				TARGETED_DEVICE_FAMILY = "1,2";
				TEST_TARGET_NAME = Gallery;
			};
			name = Debug;
		};
		B6E5C4A128337A8D001A5951 /* Release */ = {
			isa = XCBuildConfiguration;
			buildSettings = {
				ALWAYS_EMBED_SWIFT_STANDARD_LIBRARIES = YES;
				CODE_SIGN_STYLE = Automatic;
				CURRENT_PROJECT_VERSION = 1;
				DEVELOPMENT_TEAM = WVULB6RM2C;
				GENERATE_INFOPLIST_FILE = YES;
				MARKETING_VERSION = 1.0;
				PRODUCT_BUNDLE_IDENTIFIER = tokyo.ukit.GalleryUITests;
				PRODUCT_NAME = "$(TARGET_NAME)";
				SWIFT_EMIT_LOC_STRINGS = NO;
				SWIFT_VERSION = 5.0;
				TARGETED_DEVICE_FAMILY = "1,2";
				TEST_TARGET_NAME = Gallery;
			};
			name = Release;
		};
/* End XCBuildConfiguration section */

/* Begin XCConfigurationList section */
		B6E5C47028337A8C001A5951 /* Build configuration list for PBXProject "Gallery" */ = {
			isa = XCConfigurationList;
			buildConfigurations = (
				B6E5C49728337A8D001A5951 /* Debug */,
				B6E5C49828337A8D001A5951 /* Release */,
			);
			defaultConfigurationIsVisible = 0;
			defaultConfigurationName = Release;
		};
		B6E5C49928337A8D001A5951 /* Build configuration list for PBXNativeTarget "Gallery" */ = {
			isa = XCConfigurationList;
			buildConfigurations = (
				B6E5C49A28337A8D001A5951 /* Debug */,
				B6E5C49B28337A8D001A5951 /* Release */,
			);
			defaultConfigurationIsVisible = 0;
			defaultConfigurationName = Release;
		};
		B6E5C49C28337A8D001A5951 /* Build configuration list for PBXNativeTarget "GalleryTests" */ = {
			isa = XCConfigurationList;
			buildConfigurations = (
				B6E5C49D28337A8D001A5951 /* Debug */,
				B6E5C49E28337A8D001A5951 /* Release */,
			);
			defaultConfigurationIsVisible = 0;
			defaultConfigurationName = Release;
		};
		B6E5C49F28337A8D001A5951 /* Build configuration list for PBXNativeTarget "GalleryUITests" */ = {
			isa = XCConfigurationList;
			buildConfigurations = (
				B6E5C4A028337A8D001A5951 /* Debug */,
				B6E5C4A128337A8D001A5951 /* Release */,
			);
			defaultConfigurationIsVisible = 0;
			defaultConfigurationName = Release;
		};
/* End XCConfigurationList section */
	};
	rootObject = B6E5C46D28337A8C001A5951 /* Project object */;
}
